
Microsoft Visual Studio Solution File, Format Version 12.00
# Visual Studio Version 16
VisualStudioVersion = 16.0.31321.278
MinimumVisualStudioVersion = 10.0.40219.1
Project("{FAE04EC0-301F-11D3-BF4B-00C04F79EFBC}") = "CadastroProdutos.BLL", "CadastroProdutos.BLL\CadastroProdutos.BLL.csproj", "{0FA91AFF-8BF7-4951-95EC-FECBEFC24846}"
EndProject
Project("{FAE04EC0-301F-11D3-BF4B-00C04F79EFBC}") = "CadastroProdutos.DAL", "CadastroProdutos.DAL\CadastroProdutos.DAL.csproj", "{F2BE8F9C-0B68-499A-ADAE-6CD879546CE2}"
EndProject
Project("{FAE04EC0-301F-11D3-BF4B-00C04F79EFBC}") = "CadastroProdutos.API", "CadastroProdutos.API\CadastroProdutos.API.csproj", "{42FEE80E-D6A9-49A3-A467-109057A2E468}"
EndProject
Global
	GlobalSection(SolutionConfigurationPlatforms) = preSolution
		Debug|Any CPU = Debug|Any CPU
		Release|Any CPU = Release|Any CPU
	EndGlobalSection
	GlobalSection(ProjectConfigurationPlatforms) = postSolution
		{0FA91AFF-8BF7-4951-95EC-FECBEFC24846}.Debug|Any CPU.ActiveCfg = Debug|Any CPU
		{0FA91AFF-8BF7-4951-95EC-FECBEFC24846}.Debug|Any CPU.Build.0 = Debug|Any CPU
		{0FA91AFF-8BF7-4951-95EC-FECBEFC24846}.Release|Any CPU.ActiveCfg = Release|Any CPU
		{0FA91AFF-8BF7-4951-95EC-FECBEFC24846}.Release|Any CPU.Build.0 = Release|Any CPU
		{F2BE8F9C-0B68-499A-ADAE-6CD879546CE2}.Debug|Any CPU.ActiveCfg = Debug|Any CPU
		{F2BE8F9C-0B68-499A-ADAE-6CD879546CE2}.Debug|Any CPU.Build.0 = Debug|Any CPU
		{F2BE8F9C-0B68-499A-ADAE-6CD879546CE2}.Release|Any CPU.ActiveCfg = Release|Any CPU
		{F2BE8F9C-0B68-499A-ADAE-6CD879546CE2}.Release|Any CPU.Build.0 = Release|Any CPU
		{42FEE80E-D6A9-49A3-A467-109057A2E468}.Debug|Any CPU.ActiveCfg = Debug|Any CPU
		{42FEE80E-D6A9-49A3-A467-109057A2E468}.Debug|Any CPU.Build.0 = Debug|Any CPU
		{42FEE80E-D6A9-49A3-A467-109057A2E468}.Release|Any CPU.ActiveCfg = Release|Any CPU
		{42FEE80E-D6A9-49A3-A467-109057A2E468}.Release|Any CPU.Build.0 = Release|Any CPU
	EndGlobalSection
	GlobalSection(SolutionProperties) = preSolution
		HideSolutionNode = FALSE
	EndGlobalSection
	GlobalSection(ExtensibilityGlobals) = postSolution
		SolutionGuid = {B0BE44E4-331A-4875-95D9-7EDA21336A71}
	EndGlobalSection
EndGlobal
